
Microsoft Visual Studio Solution File, Format Version 12.00
# Visual Studio Version 17
VisualStudioVersion = 17.9.34714.143
MinimumVisualStudioVersion = 10.0.40219.1
Project("{FAE04EC0-301F-11D3-BF4B-00C04F79EFBC}") = "SendReceiveMail", "SendReceivMail\SendReceiveMail.csproj", "{285A046D-38AF-4696-B57F-F52FF7F9CFEE}"
EndProject
Global
	GlobalSection(SolutionConfigurationPlatforms) = preSolution
		Debug|Any CPU = Debug|Any CPU
		Release|Any CPU = Release|Any CPU
	EndGlobalSection
	GlobalSection(ProjectConfigurationPlatforms) = postSolution
		{285A046D-38AF-4696-B57F-F52FF7F9CFEE}.Debug|Any CPU.ActiveCfg = Debug|Any CPU
		{285A046D-38AF-4696-B57F-F52FF7F9CFEE}.Debug|Any CPU.Build.0 = Debug|Any CPU
		{285A046D-38AF-4696-B57F-F52FF7F9CFEE}.Release|Any CPU.ActiveCfg = Release|Any CPU
		{285A046D-38AF-4696-B57F-F52FF7F9CFEE}.Release|Any CPU.Build.0 = Release|Any CPU
	EndGlobalSection
	GlobalSection(SolutionProperties) = preSolution
		HideSolutionNode = FALSE
	EndGlobalSection
	GlobalSection(ExtensibilityGlobals) = postSolution
		SolutionGuid = {4D7AC1A5-C554-4CA7-B8E2-61AF3F86FD94}
	EndGlobalSection
EndGlobal
